
Microsoft Visual Studio Solution File, Format Version 12.00
# Visual Studio Version 16
VisualStudioVersion = 16.0.34902.97
MinimumVisualStudioVersion = 10.0.40219.1
Project("{FAE04EC0-301F-11D3-BF4B-00C04F79EFBC}") = "DanceScore_pontozo", "DanceScore_pontozo\DanceScore_pontozo.csproj", "{E7478D08-B84C-46F2-928B-A5AC62B8E478}"
EndProject
Global
	GlobalSection(SolutionConfigurationPlatforms) = preSolution
		Debug|Any CPU = Debug|Any CPU
		Release|Any CPU = Release|Any CPU
	EndGlobalSection
	GlobalSection(ProjectConfigurationPlatforms) = postSolution
		{E7478D08-B84C-46F2-928B-A5AC62B8E478}.Debug|Any CPU.ActiveCfg = Debug|Any CPU
		{E7478D08-B84C-46F2-928B-A5AC62B8E478}.Debug|Any CPU.Build.0 = Debug|Any CPU
		{E7478D08-B84C-46F2-928B-A5AC62B8E478}.Release|Any CPU.ActiveCfg = Release|Any CPU
		{E7478D08-B84C-46F2-928B-A5AC62B8E478}.Release|Any CPU.Build.0 = Release|Any CPU
	EndGlobalSection
	GlobalSection(SolutionProperties) = preSolution
		HideSolutionNode = FALSE
	EndGlobalSection
	GlobalSection(ExtensibilityGlobals) = postSolution
		SolutionGuid = {319BE093-F515-4CB8-82C3-705F62EF08CC}
	EndGlobalSection
EndGlobal
